
Microsoft Visual Studio Solution File, Format Version 12.00
# Visual Studio Version 17
VisualStudioVersion = 17.5.33424.131
MinimumVisualStudioVersion = 10.0.40219.1
Project("{FAE04EC0-301F-11D3-BF4B-00C04F79EFBC}") = "EntityFrameworkDBFirst", "EntityFrameworkDBFirst\EntityFrameworkDBFirst.csproj", "{F98BAB69-BF7D-4A9C-AEFA-81EB1DAE4F0A}"
EndProject
Project("{FAE04EC0-301F-11D3-BF4B-00C04F79EFBC}") = "dataLayer", "dataLayer\dataLayer.csproj", "{0B10E2C5-3324-4492-A651-8D727D23A9E3}"
EndProject
Global
	GlobalSection(SolutionConfigurationPlatforms) = preSolution
		Debug|Any CPU = Debug|Any CPU
		Release|Any CPU = Release|Any CPU
	EndGlobalSection
	GlobalSection(ProjectConfigurationPlatforms) = postSolution
		{F98BAB69-BF7D-4A9C-AEFA-81EB1DAE4F0A}.Debug|Any CPU.ActiveCfg = Debug|Any CPU
		{F98BAB69-BF7D-4A9C-AEFA-81EB1DAE4F0A}.Debug|Any CPU.Build.0 = Debug|Any CPU
		{F98BAB69-BF7D-4A9C-AEFA-81EB1DAE4F0A}.Release|Any CPU.ActiveCfg = Release|Any CPU
		{F98BAB69-BF7D-4A9C-AEFA-81EB1DAE4F0A}.Release|Any CPU.Build.0 = Release|Any CPU
		{0B10E2C5-3324-4492-A651-8D727D23A9E3}.Debug|Any CPU.ActiveCfg = Debug|Any CPU
		{0B10E2C5-3324-4492-A651-8D727D23A9E3}.Debug|Any CPU.Build.0 = Debug|Any CPU
		{0B10E2C5-3324-4492-A651-8D727D23A9E3}.Release|Any CPU.ActiveCfg = Release|Any CPU
		{0B10E2C5-3324-4492-A651-8D727D23A9E3}.Release|Any CPU.Build.0 = Release|Any CPU
	EndGlobalSection
	GlobalSection(SolutionProperties) = preSolution
		HideSolutionNode = FALSE
	EndGlobalSection
	GlobalSection(ExtensibilityGlobals) = postSolution
		SolutionGuid = {949C20BC-D233-49EC-B4BB-C6B9FE381684}
	EndGlobalSection
EndGlobal
